
Microsoft Visual Studio Solution File, Format Version 12.00
# Visual Studio Version 17
VisualStudioVersion = 17.10.35027.167
MinimumVisualStudioVersion = 10.0.40219.1
Project("{FAE04EC0-301F-11D3-BF4B-00C04F79EFBC}") = "CONTROL_FARMACIA", "CONTROL_FARMACIA\CONTROL_FARMACIA.csproj", "{B9AD9D4D-E0CD-4639-939A-F6AA23C6E0F7}"
EndProject
Project("{FAE04EC0-301F-11D3-BF4B-00C04F79EFBC}") = "DATOS", "DATOS\DATOS.csproj", "{04C98380-4358-4906-AA7C-B5C903219E46}"
EndProject
Project("{FAE04EC0-301F-11D3-BF4B-00C04F79EFBC}") = "NEGOCIO", "NEGOCIO\NEGOCIO.csproj", "{62C75FDB-58E3-4D3B-AA1B-69F372B68A42}"
EndProject
Global
	GlobalSection(SolutionConfigurationPlatforms) = preSolution
		Debug|Any CPU = Debug|Any CPU
		Release|Any CPU = Release|Any CPU
	EndGlobalSection
	GlobalSection(ProjectConfigurationPlatforms) = postSolution
		{B9AD9D4D-E0CD-4639-939A-F6AA23C6E0F7}.Debug|Any CPU.ActiveCfg = Debug|Any CPU
		{B9AD9D4D-E0CD-4639-939A-F6AA23C6E0F7}.Debug|Any CPU.Build.0 = Debug|Any CPU
		{B9AD9D4D-E0CD-4639-939A-F6AA23C6E0F7}.Release|Any CPU.ActiveCfg = Release|Any CPU
		{B9AD9D4D-E0CD-4639-939A-F6AA23C6E0F7}.Release|Any CPU.Build.0 = Release|Any CPU
		{04C98380-4358-4906-AA7C-B5C903219E46}.Debug|Any CPU.ActiveCfg = Debug|Any CPU
		{04C98380-4358-4906-AA7C-B5C903219E46}.Debug|Any CPU.Build.0 = Debug|Any CPU
		{04C98380-4358-4906-AA7C-B5C903219E46}.Release|Any CPU.ActiveCfg = Release|Any CPU
		{04C98380-4358-4906-AA7C-B5C903219E46}.Release|Any CPU.Build.0 = Release|Any CPU
		{62C75FDB-58E3-4D3B-AA1B-69F372B68A42}.Debug|Any CPU.ActiveCfg = Debug|Any CPU
		{62C75FDB-58E3-4D3B-AA1B-69F372B68A42}.Debug|Any CPU.Build.0 = Debug|Any CPU
		{62C75FDB-58E3-4D3B-AA1B-69F372B68A42}.Release|Any CPU.ActiveCfg = Release|Any CPU
		{62C75FDB-58E3-4D3B-AA1B-69F372B68A42}.Release|Any CPU.Build.0 = Release|Any CPU
	EndGlobalSection
	GlobalSection(SolutionProperties) = preSolution
		HideSolutionNode = FALSE
	EndGlobalSection
	GlobalSection(ExtensibilityGlobals) = postSolution
		SolutionGuid = {B6C4873E-484E-45F2-9BE7-410A702F8579}
	EndGlobalSection
EndGlobal
